
Microsoft Visual Studio Solution File, Format Version 12.00
# Visual Studio Version 17
VisualStudioVersion = 17.1.32421.90
MinimumVisualStudioVersion = 10.0.40219.1
Project("{FAE04EC0-301F-11D3-BF4B-00C04F79EFBC}") = "back_mascota", "back_mascota.csproj", "{47B41447-1DAE-4052-A900-5CDA2D0C5C31}"
EndProject
Global
	GlobalSection(SolutionConfigurationPlatforms) = preSolution
		Debug|Any CPU = Debug|Any CPU
		Release|Any CPU = Release|Any CPU
	EndGlobalSection
	GlobalSection(ProjectConfigurationPlatforms) = postSolution
		{47B41447-1DAE-4052-A900-5CDA2D0C5C31}.Debug|Any CPU.ActiveCfg = Debug|Any CPU
		{47B41447-1DAE-4052-A900-5CDA2D0C5C31}.Debug|Any CPU.Build.0 = Debug|Any CPU
		{47B41447-1DAE-4052-A900-5CDA2D0C5C31}.Release|Any CPU.ActiveCfg = Release|Any CPU
		{47B41447-1DAE-4052-A900-5CDA2D0C5C31}.Release|Any CPU.Build.0 = Release|Any CPU
	EndGlobalSection
	GlobalSection(SolutionProperties) = preSolution
		HideSolutionNode = FALSE
	EndGlobalSection
	GlobalSection(ExtensibilityGlobals) = postSolution
		SolutionGuid = {96C54215-BFC0-4F34-8B40-E0508C70FC86}
	EndGlobalSection
EndGlobal
